
Microsoft Visual Studio Solution File, Format Version 12.00
# Visual Studio Version 16
VisualStudioVersion = 16.0.30225.117
MinimumVisualStudioVersion = 10.0.40219.1
Project("{FAE04EC0-301F-11D3-BF4B-00C04F79EFBC}") = "WordUnscrambler", "WordUnscrambler\WordUnscrambler.csproj", "{6B790722-0028-432D-B6C4-D01A31CB78F0}"
EndProject
Global
	GlobalSection(SolutionConfigurationPlatforms) = preSolution
		Debug|Any CPU = Debug|Any CPU
		Release|Any CPU = Release|Any CPU
	EndGlobalSection
	GlobalSection(ProjectConfigurationPlatforms) = postSolution
		{6B790722-0028-432D-B6C4-D01A31CB78F0}.Debug|Any CPU.ActiveCfg = Debug|Any CPU
		{6B790722-0028-432D-B6C4-D01A31CB78F0}.Debug|Any CPU.Build.0 = Debug|Any CPU
		{6B790722-0028-432D-B6C4-D01A31CB78F0}.Release|Any CPU.ActiveCfg = Release|Any CPU
		{6B790722-0028-432D-B6C4-D01A31CB78F0}.Release|Any CPU.Build.0 = Release|Any CPU
	EndGlobalSection
	GlobalSection(SolutionProperties) = preSolution
		HideSolutionNode = FALSE
	EndGlobalSection
	GlobalSection(ExtensibilityGlobals) = postSolution
		SolutionGuid = {28AA6DC7-7BF4-4EE2-9F7E-58DD3FA38C46}
	EndGlobalSection
EndGlobal
